// !$*UTF8*$!
{
	archiveVersion = 1;
	classes = {
	};
	objectVersion = 46;
	objects = {

/* Begin PBXBuildFile section */
		26C0AA7B19794F670021860D /* Foundation.framework in Frameworks */ = {isa = PBXBuildFile; fileRef = 26C0AA7A19794F670021860D /* Foundation.framework */; };
		26C0AA7D19794F670021860D /* CoreGraphics.framework in Frameworks */ = {isa = PBXBuildFile; fileRef = 26C0AA7C19794F670021860D /* CoreGraphics.framework */; };
		26C0AA7F19794F670021860D /* UIKit.framework in Frameworks */ = {isa = PBXBuildFile; fileRef = 26C0AA7E19794F670021860D /* UIKit.framework */; };
		26C0AA8519794F670021860D /* InfoPlist.strings in Resources */ = {isa = PBXBuildFile; fileRef = 26C0AA8319794F670021860D /* InfoPlist.strings */; };
		26C0AA8719794F670021860D /* main.m in Sources */ = {isa = PBXBuildFile; fileRef = 26C0AA8619794F670021860D /* main.m */; };
		26C0AA8B19794F670021860D /* AppDelegate.m in Sources */ = {isa = PBXBuildFile; fileRef = 26C0AA8A19794F670021860D /* AppDelegate.m */; };
		26C0AA8E19794F670021860D /* Main.storyboard in Resources */ = {isa = PBXBuildFile; fileRef = 26C0AA8C19794F670021860D /* Main.storyboard */; };
		26C0AA9119794F670021860D /* ViewController.m in Sources */ = {isa = PBXBuildFile; fileRef = 26C0AA9019794F670021860D /* ViewController.m */; };
		26C0AA9319794F670021860D /* Images.xcassets in Resources */ = {isa = PBXBuildFile; fileRef = 26C0AA9219794F670021860D /* Images.xcassets */; };
		26C0AA9A19794F670021860D /* XCTest.framework in Frameworks */ = {isa = PBXBuildFile; fileRef = 26C0AA9919794F670021860D /* XCTest.framework */; };
		26C0AA9B19794F670021860D /* Foundation.framework in Frameworks */ = {isa = PBXBuildFile; fileRef = 26C0AA7A19794F670021860D /* Foundation.framework */; };
		26C0AA9C19794F670021860D /* UIKit.framework in Frameworks */ = {isa = PBXBuildFile; fileRef = 26C0AA7E19794F670021860D /* UIKit.framework */; };
		26C0AAA419794F670021860D /* InfoPlist.strings in Resources */ = {isa = PBXBuildFile; fileRef = 26C0AAA219794F670021860D /* InfoPlist.strings */; };
		26C0AAA619794F670021860D /* SnakeTests.m in Sources */ = {isa = PBXBuildFile; fileRef = 26C0AAA519794F670021860D /* SnakeTests.m */; };
		26C0AAB0197954E50021860D /* Main-4in.storyboard in Resources */ = {isa = PBXBuildFile; fileRef = 26C0AAAF197954E50021860D /* Main-4in.storyboard */; };
		26C298C4197D019800FE629D /* food.png in Resources */ = {isa = PBXBuildFile; fileRef = 26C298C1197D019800FE629D /* food.png */; };
		26C298C8197D092A00FE629D /* Game.m in Sources */ = {isa = PBXBuildFile; fileRef = 26C298C7197D092A00FE629D /* Game.m */; };
		26C298CA197D1F1500FE629D /* apple.png in Resources */ = {isa = PBXBuildFile; fileRef = 26C298C9197D1F1500FE629D /* apple.png */; };
		26C298D0197D572300FE629D /* snake.png in Resources */ = {isa = PBXBuildFile; fileRef = 26C298CF197D572300FE629D /* snake.png */; };
		26C298D2197D584300FE629D /* head.png in Resources */ = {isa = PBXBuildFile; fileRef = 26C298D1197D584300FE629D /* head.png */; };
		26C298D5197D58D300FE629D /* Game3.m in Sources */ = {isa = PBXBuildFile; fileRef = 26C298D4197D58D300FE629D /* Game3.m */; };
		26C298D7197D5AEE00FE629D /* bg.png in Resources */ = {isa = PBXBuildFile; fileRef = 26C298D6197D5AEE00FE629D /* bg.png */; };
/* End PBXBuildFile section */

/* Begin PBXContainerItemProxy section */
		26C0AA9D19794F670021860D /* PBXContainerItemProxy */ = {
			isa = PBXContainerItemProxy;
			containerPortal = 26C0AA6F19794F670021860D /* Project object */;
			proxyType = 1;
			remoteGlobalIDString = 26C0AA7619794F670021860D;
			remoteInfo = Snake;
		};
/* End PBXContainerItemProxy section */

/* Begin PBXFileReference section */
		26C0AA7719794F670021860D /* Snake.app */ = {isa = PBXFileReference; explicitFileType = wrapper.application; includeInIndex = 0; path = Snake.app; sourceTree = BUILT_PRODUCTS_DIR; };
		26C0AA7A19794F670021860D /* Foundation.framework */ = {isa = PBXFileReference; lastKnownFileType = wrapper.framework; name = Foundation.framework; path = System/Library/Frameworks/Foundation.framework; sourceTree = SDKROOT; };
		26C0AA7C19794F670021860D /* CoreGraphics.framework */ = {isa = PBXFileReference; lastKnownFileType = wrapper.framework; name = CoreGraphics.framework; path = System/Library/Frameworks/CoreGraphics.framework; sourceTree = SDKROOT; };
		26C0AA7E19794F670021860D /* UIKit.framework */ = {isa = PBXFileReference; lastKnownFileType = wrapper.framework; name = UIKit.framework; path = System/Library/Frameworks/UIKit.framework; sourceTree = SDKROOT; };
		26C0AA8219794F670021860D /* Snake-Info.plist */ = {isa = PBXFileReference; lastKnownFileType = text.plist.xml; path = "Snake-Info.plist"; sourceTree = "<group>"; };
		26C0AA8419794F670021860D /* en */ = {isa = PBXFileReference; lastKnownFileType = text.plist.strings; name = en; path = en.lproj/InfoPlist.strings; sourceTree = "<group>"; };
		26C0AA8619794F670021860D /* main.m */ = {isa = PBXFileReference; lastKnownFileType = sourcecode.c.objc; path = main.m; sourceTree = "<group>"; };
		26C0AA8819794F670021860D /* Snake-Prefix.pch */ = {isa = PBXFileReference; lastKnownFileType = sourcecode.c.h; path = "Snake-Prefix.pch"; sourceTree = "<group>"; };
		26C0AA8919794F670021860D /* AppDelegate.h */ = {isa = PBXFileReference; lastKnownFileType = sourcecode.c.h; path = AppDelegate.h; sourceTree = "<group>"; };
		26C0AA8A19794F670021860D /* AppDelegate.m */ = {isa = PBXFileReference; lastKnownFileType = sourcecode.c.objc; path = AppDelegate.m; sourceTree = "<group>"; };
		26C0AA8D19794F670021860D /* Base */ = {isa = PBXFileReference; lastKnownFileType = file.storyboard; name = Base; path = Base.lproj/Main.storyboard; sourceTree = "<group>"; };
		26C0AA8F19794F670021860D /* ViewController.h */ = {isa = PBXFileReference; lastKnownFileType = sourcecode.c.h; path = ViewController.h; sourceTree = "<group>"; };
		26C0AA9019794F670021860D /* ViewController.m */ = {isa = PBXFileReference; lastKnownFileType = sourcecode.c.objc; path = ViewController.m; sourceTree = "<group>"; };
		26C0AA9219794F670021860D /* Images.xcassets */ = {isa = PBXFileReference; lastKnownFileType = folder.assetcatalog; path = Images.xcassets; sourceTree = "<group>"; };
		26C0AA9819794F670021860D /* SnakeTests.xctest */ = {isa = PBXFileReference; explicitFileType = wrapper.cfbundle; includeInIndex = 0; path = SnakeTests.xctest; sourceTree = BUILT_PRODUCTS_DIR; };
		26C0AA9919794F670021860D /* XCTest.framework */ = {isa = PBXFileReference; lastKnownFileType = wrapper.framework; name = XCTest.framework; path = Library/Frameworks/XCTest.framework; sourceTree = DEVELOPER_DIR; };
		26C0AAA119794F670021860D /* SnakeTests-Info.plist */ = {isa = PBXFileReference; lastKnownFileType = text.plist.xml; path = "SnakeTests-Info.plist"; sourceTree = "<group>"; };
		26C0AAA319794F670021860D /* en */ = {isa = PBXFileReference; lastKnownFileType = text.plist.strings; name = en; path = en.lproj/InfoPlist.strings; sourceTree = "<group>"; };
		26C0AAA519794F670021860D /* SnakeTests.m */ = {isa = PBXFileReference; lastKnownFileType = sourcecode.c.objc; path = SnakeTests.m; sourceTree = "<group>"; };
		26C0AAAF197954E50021860D /* Main-4in.storyboard */ = {isa = PBXFileReference; fileEncoding = 4; lastKnownFileType = file.storyboard; path = "Main-4in.storyboard"; sourceTree = "<group>"; };
		26C298C1197D019800FE629D /* food.png */ = {isa = PBXFileReference; lastKnownFileType = image.png; path = food.png; sourceTree = "<group>"; };
		26C298C6197D092A00FE629D /* Game.h */ = {isa = PBXFileReference; fileEncoding = 4; lastKnownFileType = sourcecode.c.h; path = Game.h; sourceTree = "<group>"; };
		26C298C7197D092A00FE629D /* Game.m */ = {isa = PBXFileReference; fileEncoding = 4; lastKnownFileType = sourcecode.c.objc; path = Game.m; sourceTree = "<group>"; };
		26C298C9197D1F1500FE629D /* apple.png */ = {isa = PBXFileReference; lastKnownFileType = image.png; path = apple.png; sourceTree = "<group>"; };
		26C298CF197D572300FE629D /* snake.png */ = {isa = PBXFileReference; lastKnownFileType = image.png; path = snake.png; sourceTree = "<group>"; };
		26C298D1197D584300FE629D /* head.png */ = {isa = PBXFileReference; lastKnownFileType = image.png; path = head.png; sourceTree = "<group>"; };
		26C298D3197D58D300FE629D /* Game3.h */ = {isa = PBXFileReference; fileEncoding = 4; lastKnownFileType = sourcecode.c.h; path = Game3.h; sourceTree = "<group>"; };
		26C298D4197D58D300FE629D /* Game3.m */ = {isa = PBXFileReference; fileEncoding = 4; lastKnownFileType = sourcecode.c.objc; path = Game3.m; sourceTree = "<group>"; };
		26C298D6197D5AEE00FE629D /* bg.png */ = {isa = PBXFileReference; lastKnownFileType = image.png; path = bg.png; sourceTree = "<group>"; };
		7A687DF019A74DF800DF67D7 /* fisier nou.h */ = {isa = PBXFileReference; lastKnownFileType = sourcecode.c.h; path = "fisier nou.h"; sourceTree = "<group>"; };
/* End PBXFileReference section */

/* Begin PBXFrameworksBuildPhase section */
		26C0AA7419794F670021860D /* Frameworks */ = {
			isa = PBXFrameworksBuildPhase;
			buildActionMask = 2147483647;
			files = (
				26C0AA7D19794F670021860D /* CoreGraphics.framework in Frameworks */,
				26C0AA7F19794F670021860D /* UIKit.framework in Frameworks */,
				26C0AA7B19794F670021860D /* Foundation.framework in Frameworks */,
			);
			runOnlyForDeploymentPostprocessing = 0;
		};
		26C0AA9519794F670021860D /* Frameworks */ = {
			isa = PBXFrameworksBuildPhase;
			buildActionMask = 2147483647;
			files = (
				26C0AA9A19794F670021860D /* XCTest.framework in Frameworks */,
				26C0AA9C19794F670021860D /* UIKit.framework in Frameworks */,
				26C0AA9B19794F670021860D /* Foundation.framework in Frameworks */,
			);
			runOnlyForDeploymentPostprocessing = 0;
		};
/* End PBXFrameworksBuildPhase section */

/* Begin PBXGroup section */
		26C0AA6E19794F670021860D = {
			isa = PBXGroup;
			children = (
				26C0AA8019794F670021860D /* Snake */,
				26C0AA9F19794F670021860D /* SnakeTests */,
				26C0AA7919794F670021860D /* Frameworks */,
				26C0AA7819794F670021860D /* Products */,
			);
			sourceTree = "<group>";
		};
		26C0AA7819794F670021860D /* Products */ = {
			isa = PBXGroup;
			children = (
				26C0AA7719794F670021860D /* Snake.app */,
				26C0AA9819794F670021860D /* SnakeTests.xctest */,
			);
			name = Products;
			sourceTree = "<group>";
		};
		26C0AA7919794F670021860D /* Frameworks */ = {
			isa = PBXGroup;
			children = (
				26C0AA7A19794F670021860D /* Foundation.framework */,
				26C0AA7C19794F670021860D /* CoreGraphics.framework */,
				26C0AA7E19794F670021860D /* UIKit.framework */,
				26C0AA9919794F670021860D /* XCTest.framework */,
			);
			name = Frameworks;
			sourceTree = "<group>";
		};
		26C0AA8019794F670021860D /* Snake */ = {
			isa = PBXGroup;
			children = (
				26C298BF197CFEEA00FE629D /* iphone 5 */,
				26C0AA8919794F670021860D /* AppDelegate.h */,
				26C0AA8A19794F670021860D /* AppDelegate.m */,
				26C298BE197CFED300FE629D /* iphone 4 */,
				26C0AA9219794F670021860D /* Images.xcassets */,
				26C0AA8119794F670021860D /* Supporting Files */,
				7A687DF019A74DF800DF67D7 /* fisier nou.h */,
			);
			path = Snake;
			sourceTree = "<group>";
		};
		26C0AA8119794F670021860D /* Supporting Files */ = {
			isa = PBXGroup;
			children = (
				26C298D6197D5AEE00FE629D /* bg.png */,
				26C298CF197D572300FE629D /* snake.png */,
				26C298D1197D584300FE629D /* head.png */,
				26C298C9197D1F1500FE629D /* apple.png */,
				26C298C1197D019800FE629D /* food.png */,
				26C0AA8219794F670021860D /* Snake-Info.plist */,
				26C0AA8319794F670021860D /* InfoPlist.strings */,
				26C0AA8619794F670021860D /* main.m */,
				26C0AA8819794F670021860D /* Snake-Prefix.pch */,
			);
			name = "Supporting Files";
			sourceTree = "<group>";
		};
		26C0AA9F19794F670021860D /* SnakeTests */ = {
			isa = PBXGroup;
			children = (
				26C0AAA519794F670021860D /* SnakeTests.m */,
				26C0AAA019794F670021860D /* Supporting Files */,
			);
			path = SnakeTests;
			sourceTree = "<group>";
		};
		26C0AAA019794F670021860D /* Supporting Files */ = {
			isa = PBXGroup;
			children = (
				26C0AAA119794F670021860D /* SnakeTests-Info.plist */,
				26C0AAA219794F670021860D /* InfoPlist.strings */,
			);
			name = "Supporting Files";
			sourceTree = "<group>";
		};
		26C298BE197CFED300FE629D /* iphone 4 */ = {
			isa = PBXGroup;
			children = (
				26C0AA8C19794F670021860D /* Main.storyboard */,
				26C298D3197D58D300FE629D /* Game3.h */,
				26C298D4197D58D300FE629D /* Game3.m */,
			);
			name = "iphone 4";
			sourceTree = "<group>";
		};
		26C298BF197CFEEA00FE629D /* iphone 5 */ = {
			isa = PBXGroup;
			children = (
				26C0AA8F19794F670021860D /* ViewController.h */,
				26C0AA9019794F670021860D /* ViewController.m */,
				26C0AAAF197954E50021860D /* Main-4in.storyboard */,
				26C298C6197D092A00FE629D /* Game.h */,
				26C298C7197D092A00FE629D /* Game.m */,
			);
			name = "iphone 5";
			sourceTree = "<group>";
		};
/* End PBXGroup section */

/* Begin PBXNativeTarget section */
		26C0AA7619794F670021860D /* Snake */ = {
			isa = PBXNativeTarget;
			buildConfigurationList = 26C0AAA919794F670021860D /* Build configuration list for PBXNativeTarget "Snake" */;
			buildPhases = (
				26C0AA7319794F670021860D /* Sources */,
				26C0AA7419794F670021860D /* Frameworks */,
				26C0AA7519794F670021860D /* Resources */,
			);
			buildRules = (
			);
			dependencies = (
			);
			name = Snake;
			productName = Snake;
			productReference = 26C0AA7719794F670021860D /* Snake.app */;
			productType = "com.apple.product-type.application";
		};
		26C0AA9719794F670021860D /* SnakeTests */ = {
			isa = PBXNativeTarget;
			buildConfigurationList = 26C0AAAC19794F670021860D /* Build configuration list for PBXNativeTarget "SnakeTests" */;
			buildPhases = (
				26C0AA9419794F670021860D /* Sources */,
				26C0AA9519794F670021860D /* Frameworks */,
				26C0AA9619794F670021860D /* Resources */,
			);
			buildRules = (
			);
			dependencies = (
				26C0AA9E19794F670021860D /* PBXTargetDependency */,
			);
			name = SnakeTests;
			productName = SnakeTests;
			productReference = 26C0AA9819794F670021860D /* SnakeTests.xctest */;
			productType = "com.apple.product-type.bundle.unit-test";
		};
/* End PBXNativeTarget section */

/* Begin PBXProject section */
		26C0AA6F19794F670021860D /* Project object */ = {
			isa = PBXProject;
			attributes = {
				LastUpgradeCheck = 0510;
				ORGANIZATIONNAME = "AKA Development";
				TargetAttributes = {
					26C0AA9719794F670021860D = {
						TestTargetID = 26C0AA7619794F670021860D;
					};
				};
			};
			buildConfigurationList = 26C0AA7219794F670021860D /* Build configuration list for PBXProject "Snake" */;
			compatibilityVersion = "Xcode 3.2";
			developmentRegion = English;
			hasScannedForEncodings = 0;
			knownRegions = (
				en,
				Base,
			);
			mainGroup = 26C0AA6E19794F670021860D;
			productRefGroup = 26C0AA7819794F670021860D /* Products */;
			projectDirPath = "";
			projectRoot = "";
			targets = (
				26C0AA7619794F670021860D /* Snake */,
				26C0AA9719794F670021860D /* SnakeTests */,
			);
		};
/* End PBXProject section */

/* Begin PBXResourcesBuildPhase section */
		26C0AA7519794F670021860D /* Resources */ = {
			isa = PBXResourcesBuildPhase;
			buildActionMask = 2147483647;
			files = (
				26C0AA9319794F670021860D /* Images.xcassets in Resources */,
				26C298D0197D572300FE629D /* snake.png in Resources */,
				26C298D7197D5AEE00FE629D /* bg.png in Resources */,
				26C298D2197D584300FE629D /* head.png in Resources */,
				26C0AA8519794F670021860D /* InfoPlist.strings in Resources */,
				26C0AA8E19794F670021860D /* Main.storyboard in Resources */,
				26C0AAB0197954E50021860D /* Main-4in.storyboard in Resources */,
				26C298C4197D019800FE629D /* food.png in Resources */,
				26C298CA197D1F1500FE629D /* apple.png in Resources */,
			);
			runOnlyForDeploymentPostprocessing = 0;
		};
		26C0AA9619794F670021860D /* Resources */ = {
			isa = PBXResourcesBuildPhase;
			buildActionMask = 2147483647;
			files = (
				26C0AAA419794F670021860D /* InfoPlist.strings in Resources */,
			);
			runOnlyForDeploymentPostprocessing = 0;
		};
/* End PBXResourcesBuildPhase section */

/* Begin PBXSourcesBuildPhase section */
		26C0AA7319794F670021860D /* Sources */ = {
			isa = PBXSourcesBuildPhase;
			buildActionMask = 2147483647;
			files = (
				26C298D5197D58D300FE629D /* Game3.m in Sources */,
				26C0AA9119794F670021860D /* ViewController.m in Sources */,
				26C0AA8B19794F670021860D /* AppDelegate.m in Sources */,
				26C0AA8719794F670021860D /* main.m in Sources */,
				26C298C8197D092A00FE629D /* Game.m in Sources */,
			);
			runOnlyForDeploymentPostprocessing = 0;
		};
		26C0AA9419794F670021860D /* Sources */ = {
			isa = PBXSourcesBuildPhase;
			buildActionMask = 2147483647;
			files = (
				26C0AAA619794F670021860D /* SnakeTests.m in Sources */,
			);
			runOnlyForDeploymentPostprocessing = 0;
		};
/* End PBXSourcesBuildPhase section */

/* Begin PBXTargetDependency section */
		26C0AA9E19794F670021860D /* PBXTargetDependency */ = {
			isa = PBXTargetDependency;
			target = 26C0AA7619794F670021860D /* Snake */;
			targetProxy = 26C0AA9D19794F670021860D /* PBXContainerItemProxy */;
		};
/* End PBXTargetDependency section */

/* Begin PBXVariantGroup section */
		26C0AA8319794F670021860D /* InfoPlist.strings */ = {
			isa = PBXVariantGroup;
			children = (
				26C0AA8419794F670021860D /* en */,
			);
			name = InfoPlist.strings;
			sourceTree = "<group>";
		};
		26C0AA8C19794F670021860D /* Main.storyboard */ = {
			isa = PBXVariantGroup;
			children = (
				26C0AA8D19794F670021860D /* Base */,
			);
			name = Main.storyboard;
			sourceTree = "<group>";
		};
		26C0AAA219794F670021860D /* InfoPlist.strings */ = {
			isa = PBXVariantGroup;
			children = (
				26C0AAA319794F670021860D /* en */,
			);
			name = InfoPlist.strings;
			sourceTree = "<group>";
		};
/* End PBXVariantGroup section */

/* Begin XCBuildConfiguration section */
		26C0AAA719794F670021860D /* Debug */ = {
			isa = XCBuildConfiguration;
			buildSettings = {
				ALWAYS_SEARCH_USER_PATHS = NO;
				CLANG_CXX_LANGUAGE_STANDARD = "gnu++0x";
				CLANG_CXX_LIBRARY = "libc++";
				CLANG_ENABLE_MODULES = YES;
				CLANG_ENABLE_OBJC_ARC = YES;
				CLANG_WARN_BOOL_CONVERSION = YES;
				CLANG_WARN_CONSTANT_CONVERSION = YES;
				CLANG_WARN_DIRECT_OBJC_ISA_USAGE = YES_ERROR;
				CLANG_WARN_EMPTY_BODY = YES;
				CLANG_WARN_ENUM_CONVERSION = YES;
				CLANG_WARN_INT_CONVERSION = YES;
				CLANG_WARN_OBJC_ROOT_CLASS = YES_ERROR;
				CLANG_WARN__DUPLICATE_METHOD_MATCH = YES;
				"CODE_SIGN_IDENTITY[sdk=iphoneos*]" = "iPhone Developer";
				COPY_PHASE_STRIP = NO;
				GCC_C_LANGUAGE_STANDARD = gnu99;
				GCC_DYNAMIC_NO_PIC = NO;
				GCC_OPTIMIZATION_LEVEL = 0;
				GCC_PREPROCESSOR_DEFINITIONS = (
					"DEBUG=1",
					"$(inherited)",
				);
				GCC_SYMBOLS_PRIVATE_EXTERN = NO;
				GCC_WARN_64_TO_32_BIT_CONVERSION = YES;
				GCC_WARN_ABOUT_RETURN_TYPE = YES_ERROR;
				GCC_WARN_UNDECLARED_SELECTOR = YES;
				GCC_WARN_UNINITIALIZED_AUTOS = YES_AGGRESSIVE;
				GCC_WARN_UNUSED_FUNCTION = YES;
				GCC_WARN_UNUSED_VARIABLE = YES;
				IPHONEOS_DEPLOYMENT_TARGET = 7.1;
				ONLY_ACTIVE_ARCH = YES;
				SDKROOT = iphoneos;
			};
			name = Debug;
		};
		26C0AAA819794F670021860D /* Release */ = {
			isa = XCBuildConfiguration;
			buildSettings = {
				ALWAYS_SEARCH_USER_PATHS = NO;
				CLANG_CXX_LANGUAGE_STANDARD = "gnu++0x";
				CLANG_CXX_LIBRARY = "libc++";
				CLANG_ENABLE_MODULES = YES;
				CLANG_ENABLE_OBJC_ARC = YES;
				CLANG_WARN_BOOL_CONVERSION = YES;
				CLANG_WARN_CONSTANT_CONVERSION = YES;
				CLANG_WARN_DIRECT_OBJC_ISA_USAGE = YES_ERROR;
				CLANG_WARN_EMPTY_BODY = YES;
				CLANG_WARN_ENUM_CONVERSION = YES;
				CLANG_WARN_INT_CONVERSION = YES;
				CLANG_WARN_OBJC_ROOT_CLASS = YES_ERROR;
				CLANG_WARN__DUPLICATE_METHOD_MATCH = YES;
				"CODE_SIGN_IDENTITY[sdk=iphoneos*]" = "iPhone Developer";
				COPY_PHASE_STRIP = YES;
				ENABLE_NS_ASSERTIONS = NO;
				GCC_C_LANGUAGE_STANDARD = gnu99;
				GCC_WARN_64_TO_32_BIT_CONVERSION = YES;
				GCC_WARN_ABOUT_RETURN_TYPE = YES_ERROR;
				GCC_WARN_UNDECLARED_SELECTOR = YES;
				GCC_WARN_UNINITIALIZED_AUTOS = YES_AGGRESSIVE;
				GCC_WARN_UNUSED_FUNCTION = YES;
				GCC_WARN_UNUSED_VARIABLE = YES;
				IPHONEOS_DEPLOYMENT_TARGET = 7.1;
				SDKROOT = iphoneos;
				VALIDATE_PRODUCT = YES;
			};
			name = Release;
		};
		26C0AAAA19794F670021860D /* Debug */ = {
			isa = XCBuildConfiguration;
			buildSettings = {
				ASSETCATALOG_COMPILER_APPICON_NAME = AppIcon;
				ASSETCATALOG_COMPILER_LAUNCHIMAGE_NAME = LaunchImage;
				GCC_PRECOMPILE_PREFIX_HEADER = YES;
				GCC_PREFIX_HEADER = "Snake/Snake-Prefix.pch";
				INFOPLIST_FILE = "Snake/Snake-Info.plist";
				PRODUCT_NAME = "$(TARGET_NAME)";
				WRAPPER_EXTENSION = app;
			};
			name = Debug;
		};
		26C0AAAB19794F670021860D /* Release */ = {
			isa = XCBuildConfiguration;
			buildSettings = {
				ASSETCATALOG_COMPILER_APPICON_NAME = AppIcon;
				ASSETCATALOG_COMPILER_LAUNCHIMAGE_NAME = LaunchImage;
				GCC_PRECOMPILE_PREFIX_HEADER = YES;
				GCC_PREFIX_HEADER = "Snake/Snake-Prefix.pch";
				INFOPLIST_FILE = "Snake/Snake-Info.plist";
				PRODUCT_NAME = "$(TARGET_NAME)";
				WRAPPER_EXTENSION = app;
			};
			name = Release;
		};
		26C0AAAD19794F670021860D /* Debug */ = {
			isa = XCBuildConfiguration;
			buildSettings = {
				BUNDLE_LOADER = "$(BUILT_PRODUCTS_DIR)/Snake.app/Snake";
				FRAMEWORK_SEARCH_PATHS = (
					"$(SDKROOT)/Developer/Library/Frameworks",
					"$(inherited)",
					"$(DEVELOPER_FRAMEWORKS_DIR)",
				);
				GCC_PRECOMPILE_PREFIX_HEADER = YES;
				GCC_PREFIX_HEADER = "Snake/Snake-Prefix.pch";
				GCC_PREPROCESSOR_DEFINITIONS = (
					"DEBUG=1",
					"$(inherited)",
				);
				INFOPLIST_FILE = "SnakeTests/SnakeTests-Info.plist";
				PRODUCT_NAME = "$(TARGET_NAME)";
				TEST_HOST = "$(BUNDLE_LOADER)";
				WRAPPER_EXTENSION = xctest;
			};
			name = Debug;
		};
		26C0AAAE19794F670021860D /* Release */ = {
			isa = XCBuildConfiguration;
			buildSettings = {
				BUNDLE_LOADER = "$(BUILT_PRODUCTS_DIR)/Snake.app/Snake";
				FRAMEWORK_SEARCH_PATHS = (
					"$(SDKROOT)/Developer/Library/Frameworks",
					"$(inherited)",
					"$(DEVELOPER_FRAMEWORKS_DIR)",
				);
				GCC_PRECOMPILE_PREFIX_HEADER = YES;
				GCC_PREFIX_HEADER = "Snake/Snake-Prefix.pch";
				INFOPLIST_FILE = "SnakeTests/SnakeTests-Info.plist";
				PRODUCT_NAME = "$(TARGET_NAME)";
				TEST_HOST = "$(BUNDLE_LOADER)";
				WRAPPER_EXTENSION = xctest;
			};
			name = Release;
		};
/* End XCBuildConfiguration section */

/* Begin XCConfigurationList section */
		26C0AA7219794F670021860D /* Build configuration list for PBXProject "Snake" */ = {
			isa = XCConfigurationList;
			buildConfigurations = (
				26C0AAA719794F670021860D /* Debug */,
				26C0AAA819794F670021860D /* Release */,
			);
			defaultConfigurationIsVisible = 0;
			defaultConfigurationName = Release;
		};
		26C0AAA919794F670021860D /* Build configuration list for PBXNativeTarget "Snake" */ = {
			isa = XCConfigurationList;
			buildConfigurations = (
				26C0AAAA19794F670021860D /* Debug */,
				26C0AAAB19794F670021860D /* Release */,
			);
			defaultConfigurationIsVisible = 0;
			defaultConfigurationName = Release;
		};
		26C0AAAC19794F670021860D /* Build configuration list for PBXNativeTarget "SnakeTests" */ = {
			isa = XCConfigurationList;
			buildConfigurations = (
				26C0AAAD19794F670021860D /* Debug */,
				26C0AAAE19794F670021860D /* Release */,
			);
			defaultConfigurationIsVisible = 0;
			defaultConfigurationName = Release;
		};
/* End XCConfigurationList section */
	};
	rootObject = 26C0AA6F19794F670021860D /* Project object */;
}
